
Microsoft Visual Studio Solution File, Format Version 12.00
# Visual Studio Version 16
VisualStudioVersion = 16.0.31112.23
MinimumVisualStudioVersion = 10.0.40219.1
Project("{FAE04EC0-301F-11D3-BF4B-00C04F79EFBC}") = "01.NumbersEndingIn7", "01.NumbersEndingIn7\01.NumbersEndingIn7.csproj", "{50ABCAEE-605C-4726-8A16-361C15EDD155}"
EndProject
Project("{FAE04EC0-301F-11D3-BF4B-00C04F79EFBC}") = "02.HalfSumElement", "02.HalfSumElement\02.HalfSumElement.csproj", "{6649EC87-FC81-47C6-B419-E40F4950BA1B}"
EndProject
Project("{FAE04EC0-301F-11D3-BF4B-00C04F79EFBC}") = "03.Histogram", "03.Histogram\03.Histogram.csproj", "{C5E4E4A4-4FA3-4177-99C8-1E3D2D4153E3}"
EndProject
Project("{FAE04EC0-301F-11D3-BF4B-00C04F79EFBC}") = "04.CleverLily", "04.CleverLily\04.CleverLily.csproj", "{8E278638-4F49-4A6A-8E86-7EEBBC9CD2F2}"
EndProject
Project("{FAE04EC0-301F-11D3-BF4B-00C04F79EFBC}") = "05.Salary", "05.Salary\05.Salary.csproj", "{59F85C93-60C9-424E-BE04-C14D58D56FAF}"
EndProject
Project("{FAE04EC0-301F-11D3-BF4B-00C04F79EFBC}") = "06.Oscars", "06.Oscars\06.Oscars.csproj", "{154A7FD0-1098-443D-BCDA-4345BA4E3643}"
EndProject
Project("{FAE04EC0-301F-11D3-BF4B-00C04F79EFBC}") = "07.TrekkingMania", "07.TrekkingMania\07.TrekkingMania.csproj", "{B2DCC8E2-3AF9-422C-9CDD-B390DE6D5466}"
EndProject
Project("{FAE04EC0-301F-11D3-BF4B-00C04F79EFBC}") = "08.TennisRanklist", "08.TennisRanklist\08.TennisRanklist.csproj", "{FE46E03E-02CB-478C-A7A8-42B7C16F4E89}"
EndProject
Global
	GlobalSection(SolutionConfigurationPlatforms) = preSolution
		Debug|Any CPU = Debug|Any CPU
		Release|Any CPU = Release|Any CPU
	EndGlobalSection
	GlobalSection(ProjectConfigurationPlatforms) = postSolution
		{50ABCAEE-605C-4726-8A16-361C15EDD155}.Debug|Any CPU.ActiveCfg = Debug|Any CPU
		{50ABCAEE-605C-4726-8A16-361C15EDD155}.Debug|Any CPU.Build.0 = Debug|Any CPU
		{50ABCAEE-605C-4726-8A16-361C15EDD155}.Release|Any CPU.ActiveCfg = Release|Any CPU
		{50ABCAEE-605C-4726-8A16-361C15EDD155}.Release|Any CPU.Build.0 = Release|Any CPU
		{6649EC87-FC81-47C6-B419-E40F4950BA1B}.Debug|Any CPU.ActiveCfg = Debug|Any CPU
		{6649EC87-FC81-47C6-B419-E40F4950BA1B}.Debug|Any CPU.Build.0 = Debug|Any CPU
		{6649EC87-FC81-47C6-B419-E40F4950BA1B}.Release|Any CPU.ActiveCfg = Release|Any CPU
		{6649EC87-FC81-47C6-B419-E40F4950BA1B}.Release|Any CPU.Build.0 = Release|Any CPU
		{C5E4E4A4-4FA3-4177-99C8-1E3D2D4153E3}.Debug|Any CPU.ActiveCfg = Debug|Any CPU
		{C5E4E4A4-4FA3-4177-99C8-1E3D2D4153E3}.Debug|Any CPU.Build.0 = Debug|Any CPU
		{C5E4E4A4-4FA3-4177-99C8-1E3D2D4153E3}.Release|Any CPU.ActiveCfg = Release|Any CPU
		{C5E4E4A4-4FA3-4177-99C8-1E3D2D4153E3}.Release|Any CPU.Build.0 = Release|Any CPU
		{8E278638-4F49-4A6A-8E86-7EEBBC9CD2F2}.Debug|Any CPU.ActiveCfg = Debug|Any CPU
		{8E278638-4F49-4A6A-8E86-7EEBBC9CD2F2}.Debug|Any CPU.Build.0 = Debug|Any CPU
		{8E278638-4F49-4A6A-8E86-7EEBBC9CD2F2}.Release|Any CPU.ActiveCfg = Release|Any CPU
		{8E278638-4F49-4A6A-8E86-7EEBBC9CD2F2}.Release|Any CPU.Build.0 = Release|Any CPU
		{59F85C93-60C9-424E-BE04-C14D58D56FAF}.Debug|Any CPU.ActiveCfg = Debug|Any CPU
		{59F85C93-60C9-424E-BE04-C14D58D56FAF}.Debug|Any CPU.Build.0 = Debug|Any CPU
		{59F85C93-60C9-424E-BE04-C14D58D56FAF}.Release|Any CPU.ActiveCfg = Release|Any CPU
		{59F85C93-60C9-424E-BE04-C14D58D56FAF}.Release|Any CPU.Build.0 = Release|Any CPU
		{154A7FD0-1098-443D-BCDA-4345BA4E3643}.Debug|Any CPU.ActiveCfg = Debug|Any CPU
		{154A7FD0-1098-443D-BCDA-4345BA4E3643}.Debug|Any CPU.Build.0 = Debug|Any CPU
		{154A7FD0-1098-443D-BCDA-4345BA4E3643}.Release|Any CPU.ActiveCfg = Release|Any CPU
		{154A7FD0-1098-443D-BCDA-4345BA4E3643}.Release|Any CPU.Build.0 = Release|Any CPU
		{B2DCC8E2-3AF9-422C-9CDD-B390DE6D5466}.Debug|Any CPU.ActiveCfg = Debug|Any CPU
		{B2DCC8E2-3AF9-422C-9CDD-B390DE6D5466}.Debug|Any CPU.Build.0 = Debug|Any CPU
		{B2DCC8E2-3AF9-422C-9CDD-B390DE6D5466}.Release|Any CPU.ActiveCfg = Release|Any CPU
		{B2DCC8E2-3AF9-422C-9CDD-B390DE6D5466}.Release|Any CPU.Build.0 = Release|Any CPU
		{FE46E03E-02CB-478C-A7A8-42B7C16F4E89}.Debug|Any CPU.ActiveCfg = Debug|Any CPU
		{FE46E03E-02CB-478C-A7A8-42B7C16F4E89}.Debug|Any CPU.Build.0 = Debug|Any CPU
		{FE46E03E-02CB-478C-A7A8-42B7C16F4E89}.Release|Any CPU.ActiveCfg = Release|Any CPU
		{FE46E03E-02CB-478C-A7A8-42B7C16F4E89}.Release|Any CPU.Build.0 = Release|Any CPU
	EndGlobalSection
	GlobalSection(SolutionProperties) = preSolution
		HideSolutionNode = FALSE
	EndGlobalSection
	GlobalSection(ExtensibilityGlobals) = postSolution
		SolutionGuid = {51FE63A5-9016-432D-8EAE-0955A6041841}
	EndGlobalSection
EndGlobal
